
Microsoft Visual Studio Solution File, Format Version 12.00
# Visual Studio 15
VisualStudioVersion = 15.0.27703.2018
MinimumVisualStudioVersion = 10.0.40219.1
Project("{00D1A9C2-B5F0-4AF3-8072-F6C62B433612}") = "LibraryDatabase", "LibDB\LibraryDatabase.sqlproj", "{C9BB6080-F293-4887-9830-FFC884B834F7}"
EndProject
Project("{FAE04EC0-301F-11D3-BF4B-00C04F79EFBC}") = "LibraryAPI", "LibAPI\LibraryAPI.csproj", "{E6E31117-7319-4F9A-BF87-5730ABB38E25}"
EndProject
Global
	GlobalSection(SolutionConfigurationPlatforms) = preSolution
		Debug|Any CPU = Debug|Any CPU
		Release|Any CPU = Release|Any CPU
	EndGlobalSection
	GlobalSection(ProjectConfigurationPlatforms) = postSolution
		{C9BB6080-F293-4887-9830-FFC884B834F7}.Debug|Any CPU.ActiveCfg = Debug|Any CPU
		{C9BB6080-F293-4887-9830-FFC884B834F7}.Debug|Any CPU.Build.0 = Debug|Any CPU
		{C9BB6080-F293-4887-9830-FFC884B834F7}.Debug|Any CPU.Deploy.0 = Debug|Any CPU
		{C9BB6080-F293-4887-9830-FFC884B834F7}.Release|Any CPU.ActiveCfg = Release|Any CPU
		{C9BB6080-F293-4887-9830-FFC884B834F7}.Release|Any CPU.Build.0 = Release|Any CPU
		{C9BB6080-F293-4887-9830-FFC884B834F7}.Release|Any CPU.Deploy.0 = Release|Any CPU
		{E6E31117-7319-4F9A-BF87-5730ABB38E25}.Debug|Any CPU.ActiveCfg = Debug|Any CPU
		{E6E31117-7319-4F9A-BF87-5730ABB38E25}.Debug|Any CPU.Build.0 = Debug|Any CPU
		{E6E31117-7319-4F9A-BF87-5730ABB38E25}.Release|Any CPU.ActiveCfg = Release|Any CPU
		{E6E31117-7319-4F9A-BF87-5730ABB38E25}.Release|Any CPU.Build.0 = Release|Any CPU
	EndGlobalSection
	GlobalSection(SolutionProperties) = preSolution
		HideSolutionNode = FALSE
	EndGlobalSection
	GlobalSection(ExtensibilityGlobals) = postSolution
		SolutionGuid = {C7C987CF-D5D7-4AE4-B7CA-C4B87232B6D8}
	EndGlobalSection
EndGlobal
